
Microsoft Visual Studio Solution File, Format Version 12.00
# Visual Studio 14
VisualStudioVersion = 14.0.25420.1
MinimumVisualStudioVersion = 10.0.40219.1
Project("{FAE04EC0-301F-11D3-BF4B-00C04F79EFBC}") = "splix.io", "splix.io\splix.io\splix.io.csproj", "{586D49D4-6B0F-42A0-9DD2-AA32D8F43CD2}"
EndProject
Project("{96E2B04D-8817-42C6-938A-82C39BA4D311}") = "splix.ioContent", "splix.io\splix.ioContent\splix.ioContent.contentproj", "{5837ED1A-CD14-47A4-8B2A-A8BC586D87C7}"
EndProject
Global
	GlobalSection(SolutionConfigurationPlatforms) = preSolution
		Debug|x86 = Debug|x86
		Release|x86 = Release|x86
	EndGlobalSection
	GlobalSection(ProjectConfigurationPlatforms) = postSolution
		{586D49D4-6B0F-42A0-9DD2-AA32D8F43CD2}.Debug|x86.ActiveCfg = Debug|x86
		{586D49D4-6B0F-42A0-9DD2-AA32D8F43CD2}.Debug|x86.Build.0 = Debug|x86
		{586D49D4-6B0F-42A0-9DD2-AA32D8F43CD2}.Release|x86.ActiveCfg = Release|x86
		{586D49D4-6B0F-42A0-9DD2-AA32D8F43CD2}.Release|x86.Build.0 = Release|x86
		{5837ED1A-CD14-47A4-8B2A-A8BC586D87C7}.Debug|x86.ActiveCfg = Debug|x86
		{5837ED1A-CD14-47A4-8B2A-A8BC586D87C7}.Release|x86.ActiveCfg = Release|x86
	EndGlobalSection
	GlobalSection(SolutionProperties) = preSolution
		HideSolutionNode = FALSE
	EndGlobalSection
EndGlobal
